
Microsoft Visual Studio Solution File, Format Version 12.00
# Visual Studio Version 16
VisualStudioVersion = 16.0.30011.22
MinimumVisualStudioVersion = 10.0.40219.1
Project("{FAE04EC0-301F-11D3-BF4B-00C04F79EFBC}") = "AsposPdfTest", "AsposPdfTest\AsposPdfTest.csproj", "{0725B730-BF2D-4028-BC66-9652EDF15045}"
EndProject
Project("{9A19103F-16F7-4668-BE54-9A1E7A4F7556}") = "AsposPdfTest.Lambda", "AsposPdfTest.Lambda\AsposPdfTest.Lambda.csproj", "{FB477135-AE36-41E9-95C5-605C257BFBA5}"
EndProject
Project("{9A19103F-16F7-4668-BE54-9A1E7A4F7556}") = "AsposPdfTest.Lambda.Tests", "AsposPdfTest.Lambda.Tests\AsposPdfTest.Lambda.Tests.csproj", "{C4BF994E-7CFE-4E15-ABA4-C41E45839B2F}"
EndProject
Global
	GlobalSection(SolutionConfigurationPlatforms) = preSolution
		Debug|Any CPU = Debug|Any CPU
		Release|Any CPU = Release|Any CPU
	EndGlobalSection
	GlobalSection(ProjectConfigurationPlatforms) = postSolution
		{0725B730-BF2D-4028-BC66-9652EDF15045}.Debug|Any CPU.ActiveCfg = Debug|Any CPU
		{0725B730-BF2D-4028-BC66-9652EDF15045}.Debug|Any CPU.Build.0 = Debug|Any CPU
		{0725B730-BF2D-4028-BC66-9652EDF15045}.Release|Any CPU.ActiveCfg = Release|Any CPU
		{0725B730-BF2D-4028-BC66-9652EDF15045}.Release|Any CPU.Build.0 = Release|Any CPU
		{FB477135-AE36-41E9-95C5-605C257BFBA5}.Debug|Any CPU.ActiveCfg = Debug|Any CPU
		{FB477135-AE36-41E9-95C5-605C257BFBA5}.Debug|Any CPU.Build.0 = Debug|Any CPU
		{FB477135-AE36-41E9-95C5-605C257BFBA5}.Release|Any CPU.ActiveCfg = Release|Any CPU
		{FB477135-AE36-41E9-95C5-605C257BFBA5}.Release|Any CPU.Build.0 = Release|Any CPU
		{C4BF994E-7CFE-4E15-ABA4-C41E45839B2F}.Debug|Any CPU.ActiveCfg = Debug|Any CPU
		{C4BF994E-7CFE-4E15-ABA4-C41E45839B2F}.Debug|Any CPU.Build.0 = Debug|Any CPU
		{C4BF994E-7CFE-4E15-ABA4-C41E45839B2F}.Release|Any CPU.ActiveCfg = Release|Any CPU
		{C4BF994E-7CFE-4E15-ABA4-C41E45839B2F}.Release|Any CPU.Build.0 = Release|Any CPU
	EndGlobalSection
	GlobalSection(SolutionProperties) = preSolution
		HideSolutionNode = FALSE
	EndGlobalSection
	GlobalSection(ExtensibilityGlobals) = postSolution
		SolutionGuid = {D930B59C-77B1-4AEE-A661-3A0F4E84D919}
	EndGlobalSection
EndGlobal
